{
  "name": "teramind-opportunity",
  "requires": true,
  "lockfileVersion": 1,
  "dependencies": {
    "turbo": {
      "version": "1.8.5",
      "resolved": "https://registry.npmjs.org/turbo/-/turbo-1.8.5.tgz",
      "integrity": "sha512-UBnH2wIFb5g6OQCk8f34Ud15ZXV4xEMmugeDJTU5Ur2LpVRsNEny0isSCYdb3Iu3howoNyyXmtpaxWsAwNYkkg==",
      "dev": true,
      "requires": {
        "turbo-darwin-64": "1.8.5",
        "turbo-darwin-arm64": "1.8.5",
        "turbo-linux-64": "1.8.5",
        "turbo-linux-arm64": "1.8.5",
        "turbo-windows-64": "1.8.5",
        "turbo-windows-arm64": "1.8.5"
      }
    },
    "turbo-darwin-64": {
      "version": "1.8.5",
      "resolved": "https://registry.npmjs.org/turbo-darwin-64/-/turbo-darwin-64-1.8.5.tgz",
      "integrity": "sha512-CAYh56bzeHfnh7jTm03r29bh8p5a/EjQo1Id5yLUH7hS7msTau/+YpxJWPodLbN0UQsUYivUqHQkglJ+eMJ7xA==",
      "dev": true,
      "optional": true
    },
    "turbo-darwin-arm64": {
      "version": "1.8.5",
      "resolved": "https://registry.npmjs.org/turbo-darwin-arm64/-/turbo-darwin-arm64-1.8.5.tgz",
      "integrity": "sha512-R3jCPOv+lu3dcvMhj8b/Defv6dyUwX6W+tbX7d6YUCA46Plf/bGCQ8+MSbxmr/4E1GyGOVFsn1wRfiYk0us/Dg==",
      "dev": true,
      "optional": true
    },
    "turbo-linux-64": {
      "version": "1.8.5",
      "resolved": "https://registry.npmjs.org/turbo-linux-64/-/turbo-linux-64-1.8.5.tgz",
      "integrity": "sha512-YRc/KNRZeUVvth11UO4SDQZR2IqGgl9MSsbzqoHuFz4B4Q5QXH7onHogv9aXWE/BZBBbcrSBTlwBSG0Gg+J8hg==",
      "dev": true,
      "optional": true
    },
    "turbo-linux-arm64": {
      "version": "1.8.5",
      "resolved": "https://registry.npmjs.org/turbo-linux-arm64/-/turbo-linux-arm64-1.8.5.tgz",
      "integrity": "sha512-8exVZb7XBl/V3gHSweuUyG2D9IzfWqwLvlXoeLWlVYSj61Ajgdv+WU7lvUmx+H2s+sSKqmIFmewA5Lw6YY37sg==",
      "dev": true,
      "optional": true
    },
    "turbo-windows-64": {
      "version": "1.8.5",
      "resolved": "https://registry.npmjs.org/turbo-windows-64/-/turbo-windows-64-1.8.5.tgz",
      "integrity": "sha512-fA8PU5ZNoFnQkapG06WiEqfsVQ5wbIPkIqTwUsd/M2Lp+KgxE79SQbuEI+2vQ9SmwM5qoMi515IPjgvXAJXgCw==",
      "dev": true,
      "optional": true
    },
    "turbo-windows-arm64": {
      "version": "1.8.5",
      "resolved": "https://registry.npmjs.org/turbo-windows-arm64/-/turbo-windows-arm64-1.8.5.tgz",
      "integrity": "sha512-SW/NvIdhckLsAWjU/iqBbCB0S8kXupKscUK3kEW1DZIr3MYcP/yIuaE/IdPuqcoF3VP0I3TLD4VTYCCKAo3tKA==",
      "dev": true,
      "optional": true
    }
  }
}
